// !$*UTF8*$!
{
	archiveVersion = 1;
	classes = {
	};
	objectVersion = 48;
	objects = {

/* Begin PBXBuildFile section */
		33E8573CA88B288FA969794C /* Pods_GithubRepoBrowserTests.framework in Frameworks */ = {isa = PBXBuildFile; fileRef = 0EC0D4452C701624195301FD /* Pods_GithubRepoBrowserTests.framework */; };
		3C2ABE1D2003702D009F662F /* GHReposityListService.swift in Sources */ = {isa = PBXBuildFile; fileRef = 3C2ABE1C2003702D009F662F /* GHReposityListService.swift */; };
		3C2ABE2220038EB5009F662F /* GHReposityListServiceSpec.swift in Sources */ = {isa = PBXBuildFile; fileRef = 3C2ABE2120038EB5009F662F /* GHReposityListServiceSpec.swift */; };
		3C2ABE242004B70C009F662F /* GHService.swift in Sources */ = {isa = PBXBuildFile; fileRef = 3C2ABE232004B70C009F662F /* GHService.swift */; };
		3C2ABE262004B841009F662F /* License.swift in Sources */ = {isa = PBXBuildFile; fileRef = 3C2ABE252004B841009F662F /* License.swift */; };
		3C2ABE2B2004BB71009F662F /* GHClientStub.swift in Sources */ = {isa = PBXBuildFile; fileRef = 3C2ABE2A2004BB71009F662F /* GHClientStub.swift */; };
		3C2ABE2D2004CD18009F662F /* GHClientError.swift in Sources */ = {isa = PBXBuildFile; fileRef = 3C2ABE2C2004CD18009F662F /* GHClientError.swift */; };
		3C2ABE2F2004D171009F662F /* Main.storyboard in Resources */ = {isa = PBXBuildFile; fileRef = 3C2ABE2E2004D171009F662F /* Main.storyboard */; };
		3C2ABE322004D561009F662F /* RepositoryListTableViewCell.swift in Sources */ = {isa = PBXBuildFile; fileRef = 3C2ABE312004D561009F662F /* RepositoryListTableViewCell.swift */; };
		3C2ABE342004D56A009F662F /* RepositoryListTableViewCell.xib in Resources */ = {isa = PBXBuildFile; fileRef = 3C2ABE332004D56A009F662F /* RepositoryListTableViewCell.xib */; };
		3C2ABE362004D701009F662F /* octicons.ttf in Resources */ = {isa = PBXBuildFile; fileRef = 3C2ABE352004D6FB009F662F /* octicons.ttf */; };
		3C2ABE3F200611DF009F662F /* NibReusable.swift in Sources */ = {isa = PBXBuildFile; fileRef = 3C2ABE3E200611DF009F662F /* NibReusable.swift */; };
		3C2ABE4320061379009F662F /* UITableView+Reusable.swift in Sources */ = {isa = PBXBuildFile; fileRef = 3C2ABE4220061379009F662F /* UITableView+Reusable.swift */; };
		3C2ABE4720061872009F662F /* Date+String.swift in Sources */ = {isa = PBXBuildFile; fileRef = 3C2ABE4620061872009F662F /* Date+String.swift */; };
		3C2ABE4B20061C42009F662F /* RepositoryListViewController.swift in Sources */ = {isa = PBXBuildFile; fileRef = 3C2ABE4A20061C42009F662F /* RepositoryListViewController.swift */; };
		3C2ABE4E20061C5C009F662F /* RepositoryListPresenter.swift in Sources */ = {isa = PBXBuildFile; fileRef = 3C2ABE4D20061C5C009F662F /* RepositoryListPresenter.swift */; };
		3C2ABE5020061CEA009F662F /* ViewControllerPresenter.swift in Sources */ = {isa = PBXBuildFile; fileRef = 3C2ABE4F20061CEA009F662F /* ViewControllerPresenter.swift */; };
		3C2ABE5620062BE9009F662F /* UIViewController+Alert.swift in Sources */ = {isa = PBXBuildFile; fileRef = 3C2ABE5520062BE9009F662F /* UIViewController+Alert.swift */; };
		3C2ABE59200762A5009F662F /* SegueIndentifiers.swift in Sources */ = {isa = PBXBuildFile; fileRef = 3C2ABE58200762A5009F662F /* SegueIndentifiers.swift */; };
		3C2ABE5C2007688E009F662F /* GHIcons.swift in Sources */ = {isa = PBXBuildFile; fileRef = 3C2ABE5B2007688E009F662F /* GHIcons.swift */; };
		3C2ABE6020076921009F662F /* UIFont+GHIcons.swift in Sources */ = {isa = PBXBuildFile; fileRef = 3C2ABE5F20076921009F662F /* UIFont+GHIcons.swift */; };
		3C2ABE62200769E9009F662F /* UILabel+GHIcons.swift in Sources */ = {isa = PBXBuildFile; fileRef = 3C2ABE61200769E9009F662F /* UILabel+GHIcons.swift */; };
		3C2ABE69200772A9009F662F /* UILabel+GHIconsSpec.swift in Sources */ = {isa = PBXBuildFile; fileRef = 3C2ABE68200772A9009F662F /* UILabel+GHIconsSpec.swift */; };
		3C2ABE6B200773E3009F662F /* UIFont+GHIconsSpec.swift in Sources */ = {isa = PBXBuildFile; fileRef = 3C2ABE6A200773E3009F662F /* UIFont+GHIconsSpec.swift */; };
		3C2ABE6D2007746D009F662F /* Date+StringSpec.swift in Sources */ = {isa = PBXBuildFile; fileRef = 3C2ABE6C2007746D009F662F /* Date+StringSpec.swift */; };
		3C2ABE6F200775D8009F662F /* UITableView+ReusableSpec.swift in Sources */ = {isa = PBXBuildFile; fileRef = 3C2ABE6E200775D8009F662F /* UITableView+ReusableSpec.swift */; };
		3C2ABE71200776BD009F662F /* TableViewCellStub.swift in Sources */ = {isa = PBXBuildFile; fileRef = 3C2ABE70200776BD009F662F /* TableViewCellStub.swift */; };
		3C2ABE73200776C6009F662F /* TableViewCellStub.xib in Resources */ = {isa = PBXBuildFile; fileRef = 3C2ABE72200776C6009F662F /* TableViewCellStub.xib */; };
		3C2ABE7620077BA9009F662F /* NibReusableSpec.swift in Sources */ = {isa = PBXBuildFile; fileRef = 3C2ABE7520077BA9009F662F /* NibReusableSpec.swift */; };
		3C2ABE792008B53F009F662F /* TableViewBackgroundView.swift in Sources */ = {isa = PBXBuildFile; fileRef = 3C2ABE772008B53F009F662F /* TableViewBackgroundView.swift */; };
		3C2ABE7A2008B53F009F662F /* TableViewBackgroundView.xib in Resources */ = {isa = PBXBuildFile; fileRef = 3C2ABE782008B53F009F662F /* TableViewBackgroundView.xib */; };
		5AEE1829A0F4C99B5D9F7660 /* Pods_GithubRepoBrowser.framework in Frameworks */ = {isa = PBXBuildFile; fileRef = B8EFAE441103AD9AE26E71E2 /* Pods_GithubRepoBrowser.framework */; };
		C4122CFF2006DFA2008E096D /* RepositoryListPresenterSpec.swift in Sources */ = {isa = PBXBuildFile; fileRef = C4122CFE2006DFA2008E096D /* RepositoryListPresenterSpec.swift */; };
		C4122D012006E003008E096D /* TableViewPresenterDelegateStub.swift in Sources */ = {isa = PBXBuildFile; fileRef = C4122D002006E003008E096D /* TableViewPresenterDelegateStub.swift */; };
		C4754C8B1FFBFFB5002A1F61 /* Result.swift in Sources */ = {isa = PBXBuildFile; fileRef = C4754C8A1FFBFFB5002A1F61 /* Result.swift */; };
		C4754C8D1FFC01EA002A1F61 /* GHResponse.swift in Sources */ = {isa = PBXBuildFile; fileRef = C4754C8C1FFC01EA002A1F61 /* GHResponse.swift */; };
		C4754C901FFC028A002A1F61 /* GHClient.swift in Sources */ = {isa = PBXBuildFile; fileRef = C4754C8F1FFC028A002A1F61 /* GHClient.swift */; };
		C4754C921FFC0311002A1F61 /* GHRequest.swift in Sources */ = {isa = PBXBuildFile; fileRef = C4754C911FFC0311002A1F61 /* GHRequest.swift */; };
		C4754C961FFC0F1F002A1F61 /* GHClientSpec.swift in Sources */ = {isa = PBXBuildFile; fileRef = C4754C951FFC0F1F002A1F61 /* GHClientSpec.swift */; };
		C4754C991FFC1977002A1F61 /* GHRequestSpec.swift in Sources */ = {isa = PBXBuildFile; fileRef = C4754C981FFC1977002A1F61 /* GHRequestSpec.swift */; };
		C4754C9C1FFC1B2E002A1F61 /* RepositoryList01.json in Resources */ = {isa = PBXBuildFile; fileRef = C4754C9B1FFC1B2E002A1F61 /* RepositoryList01.json */; };
		C4754CA01FFC1BF4002A1F61 /* Repository.swift in Sources */ = {isa = PBXBuildFile; fileRef = C4754C9F1FFC1BF4002A1F61 /* Repository.swift */; };
		C4754CA21FFC1C1B002A1F61 /* User.swift in Sources */ = {isa = PBXBuildFile; fileRef = C4754CA11FFC1C1B002A1F61 /* User.swift */; };
		C4A4054F1FFBFD3800BC54FC /* AppDelegate.swift in Sources */ = {isa = PBXBuildFile; fileRef = C4A4054E1FFBFD3800BC54FC /* AppDelegate.swift */; };
		C4A405561FFBFD3800BC54FC /* Assets.xcassets in Resources */ = {isa = PBXBuildFile; fileRef = C4A405551FFBFD3800BC54FC /* Assets.xcassets */; };
		C4A405591FFBFD3800BC54FC /* LaunchScreen.storyboard in Resources */ = {isa = PBXBuildFile; fileRef = C4A405571FFBFD3800BC54FC /* LaunchScreen.storyboard */; };
/* End PBXBuildFile section */

/* Begin PBXContainerItemProxy section */
		C4A405601FFBFD3800BC54FC /* PBXContainerItemProxy */ = {
			isa = PBXContainerItemProxy;
			containerPortal = C4A405431FFBFD3800BC54FC /* Project object */;
			proxyType = 1;
			remoteGlobalIDString = C4A4054A1FFBFD3800BC54FC;
			remoteInfo = GithubRepoBrowser;
		};
/* End PBXContainerItemProxy section */

/* Begin PBXFileReference section */
		0EC0D4452C701624195301FD /* Pods_GithubRepoBrowserTests.framework */ = {isa = PBXFileReference; explicitFileType = wrapper.framework; includeInIndex = 0; path = Pods_GithubRepoBrowserTests.framework; sourceTree = BUILT_PRODUCTS_DIR; };
		3C2ABE1C2003702D009F662F /* GHReposityListService.swift */ = {isa = PBXFileReference; fileEncoding = 4; lastKnownFileType = sourcecode.swift; path = GHReposityListService.swift; sourceTree = "<group>"; };
		3C2ABE2120038EB5009F662F /* GHReposityListServiceSpec.swift */ = {isa = PBXFileReference; lastKnownFileType = sourcecode.swift; path = GHReposityListServiceSpec.swift; sourceTree = "<group>"; };
		3C2ABE232004B70C009F662F /* GHService.swift */ = {isa = PBXFileReference; lastKnownFileType = sourcecode.swift; path = GHService.swift; sourceTree = "<group>"; };
		3C2ABE252004B841009F662F /* License.swift */ = {isa = PBXFileReference; lastKnownFileType = sourcecode.swift; path = License.swift; sourceTree = "<group>"; };
		3C2ABE2A2004BB71009F662F /* GHClientStub.swift */ = {isa = PBXFileReference; lastKnownFileType = sourcecode.swift; path = GHClientStub.swift; sourceTree = "<group>"; };
		3C2ABE2C2004CD18009F662F /* GHClientError.swift */ = {isa = PBXFileReference; lastKnownFileType = sourcecode.swift; path = GHClientError.swift; sourceTree = "<group>"; };
		3C2ABE2E2004D171009F662F /* Main.storyboard */ = {isa = PBXFileReference; lastKnownFileType = file.storyboard; path = Main.storyboard; sourceTree = "<group>"; };
		3C2ABE312004D561009F662F /* RepositoryListTableViewCell.swift */ = {isa = PBXFileReference; lastKnownFileType = sourcecode.swift; path = RepositoryListTableViewCell.swift; sourceTree = "<group>"; };
		3C2ABE332004D56A009F662F /* RepositoryListTableViewCell.xib */ = {isa = PBXFileReference; lastKnownFileType = file.xib; path = RepositoryListTableViewCell.xib; sourceTree = "<group>"; };
		3C2ABE352004D6FB009F662F /* octicons.ttf */ = {isa = PBXFileReference; lastKnownFileType = file; path = octicons.ttf; sourceTree = "<group>"; };
		3C2ABE3E200611DF009F662F /* NibReusable.swift */ = {isa = PBXFileReference; lastKnownFileType = sourcecode.swift; path = NibReusable.swift; sourceTree = "<group>"; };
		3C2ABE4220061379009F662F /* UITableView+Reusable.swift */ = {isa = PBXFileReference; fileEncoding = 4; lastKnownFileType = sourcecode.swift; path = "UITableView+Reusable.swift"; sourceTree = "<group>"; };
		3C2ABE4620061872009F662F /* Date+String.swift */ = {isa = PBXFileReference; lastKnownFileType = sourcecode.swift; path = "Date+String.swift"; sourceTree = "<group>"; };
		3C2ABE4A20061C42009F662F /* RepositoryListViewController.swift */ = {isa = PBXFileReference; lastKnownFileType = sourcecode.swift; path = RepositoryListViewController.swift; sourceTree = "<group>"; };
		3C2ABE4D20061C5C009F662F /* RepositoryListPresenter.swift */ = {isa = PBXFileReference; lastKnownFileType = sourcecode.swift; path = RepositoryListPresenter.swift; sourceTree = "<group>"; };
		3C2ABE4F20061CEA009F662F /* ViewControllerPresenter.swift */ = {isa = PBXFileReference; lastKnownFileType = sourcecode.swift; path = ViewControllerPresenter.swift; sourceTree = "<group>"; };
		3C2ABE5520062BE9009F662F /* UIViewController+Alert.swift */ = {isa = PBXFileReference; fileEncoding = 4; lastKnownFileType = sourcecode.swift; path = "UIViewController+Alert.swift"; sourceTree = "<group>"; };
		3C2ABE58200762A5009F662F /* SegueIndentifiers.swift */ = {isa = PBXFileReference; lastKnownFileType = sourcecode.swift; path = SegueIndentifiers.swift; sourceTree = "<group>"; };
		3C2ABE5B2007688E009F662F /* GHIcons.swift */ = {isa = PBXFileReference; lastKnownFileType = sourcecode.swift; path = GHIcons.swift; sourceTree = "<group>"; };
		3C2ABE5F20076921009F662F /* UIFont+GHIcons.swift */ = {isa = PBXFileReference; fileEncoding = 4; lastKnownFileType = sourcecode.swift; path = "UIFont+GHIcons.swift"; sourceTree = "<group>"; };
		3C2ABE61200769E9009F662F /* UILabel+GHIcons.swift */ = {isa = PBXFileReference; lastKnownFileType = sourcecode.swift; path = "UILabel+GHIcons.swift"; sourceTree = "<group>"; };
		3C2ABE68200772A9009F662F /* UILabel+GHIconsSpec.swift */ = {isa = PBXFileReference; lastKnownFileType = sourcecode.swift; path = "UILabel+GHIconsSpec.swift"; sourceTree = "<group>"; };
		3C2ABE6A200773E3009F662F /* UIFont+GHIconsSpec.swift */ = {isa = PBXFileReference; lastKnownFileType = sourcecode.swift; path = "UIFont+GHIconsSpec.swift"; sourceTree = "<group>"; };
		3C2ABE6C2007746D009F662F /* Date+StringSpec.swift */ = {isa = PBXFileReference; lastKnownFileType = sourcecode.swift; path = "Date+StringSpec.swift"; sourceTree = "<group>"; };
		3C2ABE6E200775D8009F662F /* UITableView+ReusableSpec.swift */ = {isa = PBXFileReference; lastKnownFileType = sourcecode.swift; path = "UITableView+ReusableSpec.swift"; sourceTree = "<group>"; };
		3C2ABE70200776BD009F662F /* TableViewCellStub.swift */ = {isa = PBXFileReference; lastKnownFileType = sourcecode.swift; path = TableViewCellStub.swift; sourceTree = "<group>"; };
		3C2ABE72200776C6009F662F /* TableViewCellStub.xib */ = {isa = PBXFileReference; lastKnownFileType = file.xib; path = TableViewCellStub.xib; sourceTree = "<group>"; };
		3C2ABE7520077BA9009F662F /* NibReusableSpec.swift */ = {isa = PBXFileReference; lastKnownFileType = sourcecode.swift; path = NibReusableSpec.swift; sourceTree = "<group>"; };
		3C2ABE772008B53F009F662F /* TableViewBackgroundView.swift */ = {isa = PBXFileReference; fileEncoding = 4; lastKnownFileType = sourcecode.swift; path = TableViewBackgroundView.swift; sourceTree = "<group>"; };
		3C2ABE782008B53F009F662F /* TableViewBackgroundView.xib */ = {isa = PBXFileReference; fileEncoding = 4; lastKnownFileType = file.xib; path = TableViewBackgroundView.xib; sourceTree = "<group>"; };
		5B030825F062B09874930B5F /* Pods-GithubRepoBrowser.debug.xcconfig */ = {isa = PBXFileReference; includeInIndex = 1; lastKnownFileType = text.xcconfig; name = "Pods-GithubRepoBrowser.debug.xcconfig"; path = "Pods/Target Support Files/Pods-GithubRepoBrowser/Pods-GithubRepoBrowser.debug.xcconfig"; sourceTree = "<group>"; };
		6E0476368450C4A631D7B57F /* Pods-GithubRepoBrowserTests.debug.xcconfig */ = {isa = PBXFileReference; includeInIndex = 1; lastKnownFileType = text.xcconfig; name = "Pods-GithubRepoBrowserTests.debug.xcconfig"; path = "Pods/Target Support Files/Pods-GithubRepoBrowserTests/Pods-GithubRepoBrowserTests.debug.xcconfig"; sourceTree = "<group>"; };
		B2DACD4291C1E1C1E1ADA491 /* Pods-GithubRepoBrowserTests.release.xcconfig */ = {isa = PBXFileReference; includeInIndex = 1; lastKnownFileType = text.xcconfig; name = "Pods-GithubRepoBrowserTests.release.xcconfig"; path = "Pods/Target Support Files/Pods-GithubRepoBrowserTests/Pods-GithubRepoBrowserTests.release.xcconfig"; sourceTree = "<group>"; };
		B8EFAE441103AD9AE26E71E2 /* Pods_GithubRepoBrowser.framework */ = {isa = PBXFileReference; explicitFileType = wrapper.framework; includeInIndex = 0; path = Pods_GithubRepoBrowser.framework; sourceTree = BUILT_PRODUCTS_DIR; };
		C4122CFE2006DFA2008E096D /* RepositoryListPresenterSpec.swift */ = {isa = PBXFileReference; lastKnownFileType = sourcecode.swift; path = RepositoryListPresenterSpec.swift; sourceTree = "<group>"; };
		C4122D002006E003008E096D /* TableViewPresenterDelegateStub.swift */ = {isa = PBXFileReference; lastKnownFileType = sourcecode.swift; path = TableViewPresenterDelegateStub.swift; sourceTree = "<group>"; };
		C4754C8A1FFBFFB5002A1F61 /* Result.swift */ = {isa = PBXFileReference; lastKnownFileType = sourcecode.swift; path = Result.swift; sourceTree = "<group>"; };
		C4754C8C1FFC01EA002A1F61 /* GHResponse.swift */ = {isa = PBXFileReference; lastKnownFileType = sourcecode.swift; path = GHResponse.swift; sourceTree = "<group>"; };
		C4754C8F1FFC028A002A1F61 /* GHClient.swift */ = {isa = PBXFileReference; lastKnownFileType = sourcecode.swift; path = GHClient.swift; sourceTree = "<group>"; };
		C4754C911FFC0311002A1F61 /* GHRequest.swift */ = {isa = PBXFileReference; lastKnownFileType = sourcecode.swift; path = GHRequest.swift; sourceTree = "<group>"; };
		C4754C951FFC0F1F002A1F61 /* GHClientSpec.swift */ = {isa = PBXFileReference; lastKnownFileType = sourcecode.swift; path = GHClientSpec.swift; sourceTree = "<group>"; };
		C4754C981FFC1977002A1F61 /* GHRequestSpec.swift */ = {isa = PBXFileReference; lastKnownFileType = sourcecode.swift; path = GHRequestSpec.swift; sourceTree = "<group>"; };
		C4754C9B1FFC1B2E002A1F61 /* RepositoryList01.json */ = {isa = PBXFileReference; lastKnownFileType = text.json; path = RepositoryList01.json; sourceTree = "<group>"; };
		C4754C9F1FFC1BF4002A1F61 /* Repository.swift */ = {isa = PBXFileReference; lastKnownFileType = sourcecode.swift; path = Repository.swift; sourceTree = "<group>"; };
		C4754CA11FFC1C1B002A1F61 /* User.swift */ = {isa = PBXFileReference; lastKnownFileType = sourcecode.swift; path = User.swift; sourceTree = "<group>"; };
		C4A4054B1FFBFD3800BC54FC /* GithubRepoBrowser.app */ = {isa = PBXFileReference; explicitFileType = wrapper.application; includeInIndex = 0; path = GithubRepoBrowser.app; sourceTree = BUILT_PRODUCTS_DIR; };
		C4A4054E1FFBFD3800BC54FC /* AppDelegate.swift */ = {isa = PBXFileReference; lastKnownFileType = sourcecode.swift; path = AppDelegate.swift; sourceTree = "<group>"; };
		C4A405551FFBFD3800BC54FC /* Assets.xcassets */ = {isa = PBXFileReference; lastKnownFileType = folder.assetcatalog; path = Assets.xcassets; sourceTree = "<group>"; };
		C4A405581FFBFD3800BC54FC /* Base */ = {isa = PBXFileReference; lastKnownFileType = file.storyboard; name = Base; path = Base.lproj/LaunchScreen.storyboard; sourceTree = "<group>"; };
		C4A4055A1FFBFD3800BC54FC /* Info.plist */ = {isa = PBXFileReference; lastKnownFileType = text.plist.xml; path = Info.plist; sourceTree = "<group>"; };
		C4A4055F1FFBFD3800BC54FC /* GithubRepoBrowserTests.xctest */ = {isa = PBXFileReference; explicitFileType = wrapper.cfbundle; includeInIndex = 0; path = GithubRepoBrowserTests.xctest; sourceTree = BUILT_PRODUCTS_DIR; };
		C4A405651FFBFD3800BC54FC /* Info.plist */ = {isa = PBXFileReference; lastKnownFileType = text.plist.xml; path = Info.plist; sourceTree = "<group>"; };
		CE226D502431C1D075C3F4B7 /* Pods-GithubRepoBrowser.release.xcconfig */ = {isa = PBXFileReference; includeInIndex = 1; lastKnownFileType = text.xcconfig; name = "Pods-GithubRepoBrowser.release.xcconfig"; path = "Pods/Target Support Files/Pods-GithubRepoBrowser/Pods-GithubRepoBrowser.release.xcconfig"; sourceTree = "<group>"; };
/* End PBXFileReference section */

/* Begin PBXFrameworksBuildPhase section */
		C4A405481FFBFD3800BC54FC /* Frameworks */ = {
			isa = PBXFrameworksBuildPhase;
			buildActionMask = 2147483647;
			files = (
				5AEE1829A0F4C99B5D9F7660 /* Pods_GithubRepoBrowser.framework in Frameworks */,
			);
			runOnlyForDeploymentPostprocessing = 0;
		};
		C4A4055C1FFBFD3800BC54FC /* Frameworks */ = {
			isa = PBXFrameworksBuildPhase;
			buildActionMask = 2147483647;
			files = (
				33E8573CA88B288FA969794C /* Pods_GithubRepoBrowserTests.framework in Frameworks */,
			);
			runOnlyForDeploymentPostprocessing = 0;
		};
/* End PBXFrameworksBuildPhase section */

/* Begin PBXGroup section */
		1FB8E4146ACDAB106932D063 /* Frameworks */ = {
			isa = PBXGroup;
			children = (
				B8EFAE441103AD9AE26E71E2 /* Pods_GithubRepoBrowser.framework */,
				0EC0D4452C701624195301FD /* Pods_GithubRepoBrowserTests.framework */,
			);
			name = Frameworks;
			sourceTree = "<group>";
		};
		328D9D4A1BE9D6F8B43DC264 /* Pods */ = {
			isa = PBXGroup;
			children = (
				5B030825F062B09874930B5F /* Pods-GithubRepoBrowser.debug.xcconfig */,
				CE226D502431C1D075C3F4B7 /* Pods-GithubRepoBrowser.release.xcconfig */,
				6E0476368450C4A631D7B57F /* Pods-GithubRepoBrowserTests.debug.xcconfig */,
				B2DACD4291C1E1C1E1ADA491 /* Pods-GithubRepoBrowserTests.release.xcconfig */,
			);
			name = Pods;
			sourceTree = "<group>";
		};
		3C2ABE2020038EA3009F662F /* Services */ = {
			isa = PBXGroup;
			children = (
				C4754C951FFC0F1F002A1F61 /* GHClientSpec.swift */,
				3C2ABE2120038EB5009F662F /* GHReposityListServiceSpec.swift */,
			);
			path = Services;
			sourceTree = "<group>";
		};
		3C2ABE292004BB62009F662F /* Stubs */ = {
			isa = PBXGroup;
			children = (
				3C2ABE2A2004BB71009F662F /* GHClientStub.swift */,
				C4122D002006E003008E096D /* TableViewPresenterDelegateStub.swift */,
				3C2ABE70200776BD009F662F /* TableViewCellStub.swift */,
				3C2ABE72200776C6009F662F /* TableViewCellStub.xib */,
			);
			path = Stubs;
			sourceTree = "<group>";
		};
		3C2ABE302004D52D009F662F /* Views */ = {
			isa = PBXGroup;
			children = (
				3C2ABE772008B53F009F662F /* TableViewBackgroundView.swift */,
				3C2ABE782008B53F009F662F /* TableViewBackgroundView.xib */,
				3C2ABE312004D561009F662F /* RepositoryListTableViewCell.swift */,
				3C2ABE332004D56A009F662F /* RepositoryListTableViewCell.xib */,
			);
			path = Views;
			sourceTree = "<group>";
		};
		3C2ABE372004DA71009F662F /* Extensions */ = {
			isa = PBXGroup;
			children = (
				3C2ABE5520062BE9009F662F /* UIViewController+Alert.swift */,
				3C2ABE4220061379009F662F /* UITableView+Reusable.swift */,
				3C2ABE4620061872009F662F /* Date+String.swift */,
				3C2ABE5F20076921009F662F /* UIFont+GHIcons.swift */,
				3C2ABE61200769E9009F662F /* UILabel+GHIcons.swift */,
			);
			path = Extensions;
			sourceTree = "<group>";
		};
		3C2ABE3820060EBD009F662F /* Resources */ = {
			isa = PBXGroup;
			children = (
				C4A4054E1FFBFD3800BC54FC /* AppDelegate.swift */,
				C4A405571FFBFD3800BC54FC /* LaunchScreen.storyboard */,
				3C2ABE352004D6FB009F662F /* octicons.ttf */,
			);
			path = Resources;
			sourceTree = "<group>";
		};
		3C2ABE3920060FA1009F662F /* Protocols */ = {
			isa = PBXGroup;
			children = (
				3C2ABE3E200611DF009F662F /* NibReusable.swift */,
				3C2ABE4F20061CEA009F662F /* ViewControllerPresenter.swift */,
			);
			path = Protocols;
			sourceTree = "<group>";
		};
		3C2ABE4C20061C46009F662F /* Presenter */ = {
			isa = PBXGroup;
			children = (
				3C2ABE4D20061C5C009F662F /* RepositoryListPresenter.swift */,
			);
			path = Presenter;
			sourceTree = "<group>";
		};
		3C2ABE572007627E009F662F /* Utils */ = {
			isa = PBXGroup;
			children = (
				3C2ABE58200762A5009F662F /* SegueIndentifiers.swift */,
				3C2ABE5B2007688E009F662F /* GHIcons.swift */,
			);
			path = Utils;
			sourceTree = "<group>";
		};
		3C2ABE672007728A009F662F /* Extensions */ = {
			isa = PBXGroup;
			children = (
				3C2ABE68200772A9009F662F /* UILabel+GHIconsSpec.swift */,
				3C2ABE6A200773E3009F662F /* UIFont+GHIconsSpec.swift */,
				3C2ABE6C2007746D009F662F /* Date+StringSpec.swift */,
				3C2ABE6E200775D8009F662F /* UITableView+ReusableSpec.swift */,
			);
			path = Extensions;
			sourceTree = "<group>";
		};
		3C2ABE7420077B99009F662F /* Protocols */ = {
			isa = PBXGroup;
			children = (
				3C2ABE7520077BA9009F662F /* NibReusableSpec.swift */,
			);
			path = Protocols;
			sourceTree = "<group>";
		};
		C4122CFD2006DF06008E096D /* Presenter */ = {
			isa = PBXGroup;
			children = (
				C4122CFE2006DFA2008E096D /* RepositoryListPresenterSpec.swift */,
			);
			path = Presenter;
			sourceTree = "<group>";
		};
		C4754C811FFBFEE1002A1F61 /* Supporting Files */ = {
			isa = PBXGroup;
			children = (
				C4A4055A1FFBFD3800BC54FC /* Info.plist */,
				C4A405551FFBFD3800BC54FC /* Assets.xcassets */,
			);
			name = "Supporting Files";
			sourceTree = "<group>";
		};
		C4754C821FFBFEF8002A1F61 /* Storyboards */ = {
			isa = PBXGroup;
			children = (
				3C2ABE2E2004D171009F662F /* Main.storyboard */,
			);
			path = Storyboards;
			sourceTree = "<group>";
		};
		C4754C831FFBFF08002A1F61 /* View Controllers */ = {
			isa = PBXGroup;
			children = (
				3C2ABE4A20061C42009F662F /* RepositoryListViewController.swift */,
			);
			path = "View Controllers";
			sourceTree = "<group>";
		};
		C4754C861FFBFF26002A1F61 /* Models */ = {
			isa = PBXGroup;
			children = (
				C4754C9F1FFC1BF4002A1F61 /* Repository.swift */,
				C4754CA11FFC1C1B002A1F61 /* User.swift */,
				3C2ABE252004B841009F662F /* License.swift */,
			);
			path = Models;
			sourceTree = "<group>";
		};
		C4754C871FFBFF2B002A1F61 /* Services */ = {
			isa = PBXGroup;
			children = (
				3C2ABE1C2003702D009F662F /* GHReposityListService.swift */,
			);
			path = Services;
			sourceTree = "<group>";
		};
		C4754C881FFBFF32002A1F61 /* API */ = {
			isa = PBXGroup;
			children = (
				C4754C871FFBFF2B002A1F61 /* Services */,
				C4754C8E1FFC0277002A1F61 /* Client */,
				C4754C891FFBFFA4002A1F61 /* Models */,
			);
			path = API;
			sourceTree = "<group>";
		};
		C4754C891FFBFFA4002A1F61 /* Models */ = {
			isa = PBXGroup;
			children = (
				C4754C8C1FFC01EA002A1F61 /* GHResponse.swift */,
				C4754C911FFC0311002A1F61 /* GHRequest.swift */,
				3C2ABE2C2004CD18009F662F /* GHClientError.swift */,
				C4754C8A1FFBFFB5002A1F61 /* Result.swift */,
				3C2ABE232004B70C009F662F /* GHService.swift */,
			);
			path = Models;
			sourceTree = "<group>";
		};
		C4754C8E1FFC0277002A1F61 /* Client */ = {
			isa = PBXGroup;
			children = (
				C4754C8F1FFC028A002A1F61 /* GHClient.swift */,
			);
			path = Client;
			sourceTree = "<group>";
		};
		C4754C931FFC0F09002A1F61 /* API */ = {
			isa = PBXGroup;
			children = (
				3C2ABE2020038EA3009F662F /* Services */,
				C4754C971FFC1962002A1F61 /* Model */,
			);
			path = API;
			sourceTree = "<group>";
		};
		C4754C971FFC1962002A1F61 /* Model */ = {
			isa = PBXGroup;
			children = (
				C4754C981FFC1977002A1F61 /* GHRequestSpec.swift */,
			);
			path = Model;
			sourceTree = "<group>";
		};
		C4754C9A1FFC1B03002A1F61 /* JSON */ = {
			isa = PBXGroup;
			children = (
				C4754C9B1FFC1B2E002A1F61 /* RepositoryList01.json */,
			);
			path = JSON;
			sourceTree = "<group>";
		};
		C4A405421FFBFD3800BC54FC = {
			isa = PBXGroup;
			children = (
				C4A4054D1FFBFD3800BC54FC /* GithubRepoBrowser */,
				C4A405621FFBFD3800BC54FC /* GithubRepoBrowserTests */,
				C4A4054C1FFBFD3800BC54FC /* Products */,
				328D9D4A1BE9D6F8B43DC264 /* Pods */,
				1FB8E4146ACDAB106932D063 /* Frameworks */,
			);
			sourceTree = "<group>";
		};
		C4A4054C1FFBFD3800BC54FC /* Products */ = {
			isa = PBXGroup;
			children = (
				C4A4054B1FFBFD3800BC54FC /* GithubRepoBrowser.app */,
				C4A4055F1FFBFD3800BC54FC /* GithubRepoBrowserTests.xctest */,
			);
			name = Products;
			sourceTree = "<group>";
		};
		C4A4054D1FFBFD3800BC54FC /* GithubRepoBrowser */ = {
			isa = PBXGroup;
			children = (
				C4754C881FFBFF32002A1F61 /* API */,
				3C2ABE372004DA71009F662F /* Extensions */,
				3C2ABE3920060FA1009F662F /* Protocols */,
				C4754C861FFBFF26002A1F61 /* Models */,
				3C2ABE302004D52D009F662F /* Views */,
				3C2ABE4C20061C46009F662F /* Presenter */,
				C4754C831FFBFF08002A1F61 /* View Controllers */,
				3C2ABE572007627E009F662F /* Utils */,
				C4754C821FFBFEF8002A1F61 /* Storyboards */,
				C4754C811FFBFEE1002A1F61 /* Supporting Files */,
				3C2ABE3820060EBD009F662F /* Resources */,
			);
			path = GithubRepoBrowser;
			sourceTree = "<group>";
		};
		C4A405621FFBFD3800BC54FC /* GithubRepoBrowserTests */ = {
			isa = PBXGroup;
			children = (
				3C2ABE292004BB62009F662F /* Stubs */,
				3C2ABE672007728A009F662F /* Extensions */,
				3C2ABE7420077B99009F662F /* Protocols */,
				C4754C9A1FFC1B03002A1F61 /* JSON */,
				C4122CFD2006DF06008E096D /* Presenter */,
				C4754C931FFC0F09002A1F61 /* API */,
				C4A405651FFBFD3800BC54FC /* Info.plist */,
			);
			path = GithubRepoBrowserTests;
			sourceTree = "<group>";
		};
/* End PBXGroup section */

/* Begin PBXNativeTarget section */
		C4A4054A1FFBFD3800BC54FC /* GithubRepoBrowser */ = {
			isa = PBXNativeTarget;
			buildConfigurationList = C4A405681FFBFD3800BC54FC /* Build configuration list for PBXNativeTarget "GithubRepoBrowser" */;
			buildPhases = (
				06D2AB955AA366F1CC453F47 /* [CP] Check Pods Manifest.lock */,
				C4A405471FFBFD3800BC54FC /* Sources */,
				C4A405481FFBFD3800BC54FC /* Frameworks */,
				C4A405491FFBFD3800BC54FC /* Resources */,
				C9D75C2880C25890C3ADA260 /* [CP] Embed Pods Frameworks */,
				28DF665E41DE8029BEA9F6DB /* [CP] Copy Pods Resources */,
			);
			buildRules = (
			);
			dependencies = (
			);
			name = GithubRepoBrowser;
			productName = GithubRepoBrowser;
			productReference = C4A4054B1FFBFD3800BC54FC /* GithubRepoBrowser.app */;
			productType = "com.apple.product-type.application";
		};
		C4A4055E1FFBFD3800BC54FC /* GithubRepoBrowserTests */ = {
			isa = PBXNativeTarget;
			buildConfigurationList = C4A4056B1FFBFD3800BC54FC /* Build configuration list for PBXNativeTarget "GithubRepoBrowserTests" */;
			buildPhases = (
				A59B2242BC4E3DE3806CD941 /* [CP] Check Pods Manifest.lock */,
				C4A4055B1FFBFD3800BC54FC /* Sources */,
				C4A4055C1FFBFD3800BC54FC /* Frameworks */,
				C4A4055D1FFBFD3800BC54FC /* Resources */,
				4AC2D4F5265202107A71918C /* [CP] Embed Pods Frameworks */,
				41D1B6446FD84E646DF21614 /* [CP] Copy Pods Resources */,
			);
			buildRules = (
			);
			dependencies = (
				C4A405611FFBFD3800BC54FC /* PBXTargetDependency */,
			);
			name = GithubRepoBrowserTests;
			productName = GithubRepoBrowserTests;
			productReference = C4A4055F1FFBFD3800BC54FC /* GithubRepoBrowserTests.xctest */;
			productType = "com.apple.product-type.bundle.unit-test";
		};
/* End PBXNativeTarget section */

/* Begin PBXProject section */
		C4A405431FFBFD3800BC54FC /* Project object */ = {
			isa = PBXProject;
			attributes = {
				LastSwiftUpdateCheck = 0920;
				LastUpgradeCheck = 0920;
				ORGANIZATIONNAME = "Vitor Kawai Sala";
				TargetAttributes = {
					C4A4054A1FFBFD3800BC54FC = {
						CreatedOnToolsVersion = 9.2;
						ProvisioningStyle = Automatic;
					};
					C4A4055E1FFBFD3800BC54FC = {
						CreatedOnToolsVersion = 9.2;
						ProvisioningStyle = Automatic;
						TestTargetID = C4A4054A1FFBFD3800BC54FC;
					};
				};
			};
			buildConfigurationList = C4A405461FFBFD3800BC54FC /* Build configuration list for PBXProject "GithubRepoBrowser" */;
			compatibilityVersion = "Xcode 8.0";
			developmentRegion = en;
			hasScannedForEncodings = 0;
			knownRegions = (
				en,
				Base,
			);
			mainGroup = C4A405421FFBFD3800BC54FC;
			productRefGroup = C4A4054C1FFBFD3800BC54FC /* Products */;
			projectDirPath = "";
			projectRoot = "";
			targets = (
				C4A4054A1FFBFD3800BC54FC /* GithubRepoBrowser */,
				C4A4055E1FFBFD3800BC54FC /* GithubRepoBrowserTests */,
			);
		};
/* End PBXProject section */

/* Begin PBXResourcesBuildPhase section */
		C4A405491FFBFD3800BC54FC /* Resources */ = {
			isa = PBXResourcesBuildPhase;
			buildActionMask = 2147483647;
			files = (
				3C2ABE7A2008B53F009F662F /* TableViewBackgroundView.xib in Resources */,
				3C2ABE362004D701009F662F /* octicons.ttf in Resources */,
				C4A405591FFBFD3800BC54FC /* LaunchScreen.storyboard in Resources */,
				C4A405561FFBFD3800BC54FC /* Assets.xcassets in Resources */,
				3C2ABE2F2004D171009F662F /* Main.storyboard in Resources */,
				3C2ABE342004D56A009F662F /* RepositoryListTableViewCell.xib in Resources */,
			);
			runOnlyForDeploymentPostprocessing = 0;
		};
		C4A4055D1FFBFD3800BC54FC /* Resources */ = {
			isa = PBXResourcesBuildPhase;
			buildActionMask = 2147483647;
			files = (
				C4754C9C1FFC1B2E002A1F61 /* RepositoryList01.json in Resources */,
				3C2ABE73200776C6009F662F /* TableViewCellStub.xib in Resources */,
			);
			runOnlyForDeploymentPostprocessing = 0;
		};
/* End PBXResourcesBuildPhase section */

/* Begin PBXShellScriptBuildPhase section */
		06D2AB955AA366F1CC453F47 /* [CP] Check Pods Manifest.lock */ = {
			isa = PBXShellScriptBuildPhase;
			buildActionMask = 2147483647;
			files = (
			);
			inputPaths = (
				"${PODS_PODFILE_DIR_PATH}/Podfile.lock",
				"${PODS_ROOT}/Manifest.lock",
			);
			name = "[CP] Check Pods Manifest.lock";
			outputPaths = (
				"$(DERIVED_FILE_DIR)/Pods-GithubRepoBrowser-checkManifestLockResult.txt",
			);
			runOnlyForDeploymentPostprocessing = 0;
			shellPath = /bin/sh;
			shellScript = "diff \"${PODS_PODFILE_DIR_PATH}/Podfile.lock\" \"${PODS_ROOT}/Manifest.lock\" > /dev/null\nif [ $? != 0 ] ; then\n    # print error to STDERR\n    echo \"error: The sandbox is not in sync with the Podfile.lock. Run 'pod install' or update your CocoaPods installation.\" >&2\n    exit 1\nfi\n# This output is used by Xcode 'outputs' to avoid re-running this script phase.\necho \"SUCCESS\" > \"${SCRIPT_OUTPUT_FILE_0}\"\n";
			showEnvVarsInLog = 0;
		};
		28DF665E41DE8029BEA9F6DB /* [CP] Copy Pods Resources */ = {
			isa = PBXShellScriptBuildPhase;
			buildActionMask = 2147483647;
			files = (
			);
			inputPaths = (
			);
			name = "[CP] Copy Pods Resources";
			outputPaths = (
			);
			runOnlyForDeploymentPostprocessing = 0;
			shellPath = /bin/sh;
			shellScript = "\"${SRCROOT}/Pods/Target Support Files/Pods-GithubRepoBrowser/Pods-GithubRepoBrowser-resources.sh\"\n";
			showEnvVarsInLog = 0;
		};
		41D1B6446FD84E646DF21614 /* [CP] Copy Pods Resources */ = {
			isa = PBXShellScriptBuildPhase;
			buildActionMask = 2147483647;
			files = (
			);
			inputPaths = (
			);
			name = "[CP] Copy Pods Resources";
			outputPaths = (
			);
			runOnlyForDeploymentPostprocessing = 0;
			shellPath = /bin/sh;
			shellScript = "\"${SRCROOT}/Pods/Target Support Files/Pods-GithubRepoBrowserTests/Pods-GithubRepoBrowserTests-resources.sh\"\n";
			showEnvVarsInLog = 0;
		};
		4AC2D4F5265202107A71918C /* [CP] Embed Pods Frameworks */ = {
			isa = PBXShellScriptBuildPhase;
			buildActionMask = 2147483647;
			files = (
			);
			inputPaths = (
				"${SRCROOT}/Pods/Target Support Files/Pods-GithubRepoBrowserTests/Pods-GithubRepoBrowserTests-frameworks.sh",
				"${BUILT_PRODUCTS_DIR}/Nimble/Nimble.framework",
				"${BUILT_PRODUCTS_DIR}/Quick/Quick.framework",
			);
			name = "[CP] Embed Pods Frameworks";
			outputPaths = (
				"${TARGET_BUILD_DIR}/${FRAMEWORKS_FOLDER_PATH}/Nimble.framework",
				"${TARGET_BUILD_DIR}/${FRAMEWORKS_FOLDER_PATH}/Quick.framework",
			);
			runOnlyForDeploymentPostprocessing = 0;
			shellPath = /bin/sh;
			shellScript = "\"${SRCROOT}/Pods/Target Support Files/Pods-GithubRepoBrowserTests/Pods-GithubRepoBrowserTests-frameworks.sh\"\n";
			showEnvVarsInLog = 0;
		};
		A59B2242BC4E3DE3806CD941 /* [CP] Check Pods Manifest.lock */ = {
			isa = PBXShellScriptBuildPhase;
			buildActionMask = 2147483647;
			files = (
			);
			inputPaths = (
				"${PODS_PODFILE_DIR_PATH}/Podfile.lock",
				"${PODS_ROOT}/Manifest.lock",
			);
			name = "[CP] Check Pods Manifest.lock";
			outputPaths = (
				"$(DERIVED_FILE_DIR)/Pods-GithubRepoBrowserTests-checkManifestLockResult.txt",
			);
			runOnlyForDeploymentPostprocessing = 0;
			shellPath = /bin/sh;
			shellScript = "diff \"${PODS_PODFILE_DIR_PATH}/Podfile.lock\" \"${PODS_ROOT}/Manifest.lock\" > /dev/null\nif [ $? != 0 ] ; then\n    # print error to STDERR\n    echo \"error: The sandbox is not in sync with the Podfile.lock. Run 'pod install' or update your CocoaPods installation.\" >&2\n    exit 1\nfi\n# This output is used by Xcode 'outputs' to avoid re-running this script phase.\necho \"SUCCESS\" > \"${SCRIPT_OUTPUT_FILE_0}\"\n";
			showEnvVarsInLog = 0;
		};
		C9D75C2880C25890C3ADA260 /* [CP] Embed Pods Frameworks */ = {
			isa = PBXShellScriptBuildPhase;
			buildActionMask = 2147483647;
			files = (
			);
			inputPaths = (
				"${SRCROOT}/Pods/Target Support Files/Pods-GithubRepoBrowser/Pods-GithubRepoBrowser-frameworks.sh",
				"${BUILT_PRODUCTS_DIR}/Alamofire/Alamofire.framework",
				"${BUILT_PRODUCTS_DIR}/Kingfisher/Kingfisher.framework",
			);
			name = "[CP] Embed Pods Frameworks";
			outputPaths = (
				"${TARGET_BUILD_DIR}/${FRAMEWORKS_FOLDER_PATH}/Alamofire.framework",
				"${TARGET_BUILD_DIR}/${FRAMEWORKS_FOLDER_PATH}/Kingfisher.framework",
			);
			runOnlyForDeploymentPostprocessing = 0;
			shellPath = /bin/sh;
			shellScript = "\"${SRCROOT}/Pods/Target Support Files/Pods-GithubRepoBrowser/Pods-GithubRepoBrowser-frameworks.sh\"\n";
			showEnvVarsInLog = 0;
		};
/* End PBXShellScriptBuildPhase section */

/* Begin PBXSourcesBuildPhase section */
		C4A405471FFBFD3800BC54FC /* Sources */ = {
			isa = PBXSourcesBuildPhase;
			buildActionMask = 2147483647;
			files = (
				C4754C8B1FFBFFB5002A1F61 /* Result.swift in Sources */,
				C4754C8D1FFC01EA002A1F61 /* GHResponse.swift in Sources */,
				3C2ABE4B20061C42009F662F /* RepositoryListViewController.swift in Sources */,
				3C2ABE5020061CEA009F662F /* ViewControllerPresenter.swift in Sources */,
				3C2ABE2D2004CD18009F662F /* GHClientError.swift in Sources */,
				3C2ABE5620062BE9009F662F /* UIViewController+Alert.swift in Sources */,
				3C2ABE5C2007688E009F662F /* GHIcons.swift in Sources */,
				3C2ABE4E20061C5C009F662F /* RepositoryListPresenter.swift in Sources */,
				3C2ABE1D2003702D009F662F /* GHReposityListService.swift in Sources */,
				C4754CA01FFC1BF4002A1F61 /* Repository.swift in Sources */,
				C4754CA21FFC1C1B002A1F61 /* User.swift in Sources */,
				3C2ABE6020076921009F662F /* UIFont+GHIcons.swift in Sources */,
				3C2ABE4720061872009F662F /* Date+String.swift in Sources */,
				3C2ABE59200762A5009F662F /* SegueIndentifiers.swift in Sources */,
				3C2ABE792008B53F009F662F /* TableViewBackgroundView.swift in Sources */,
				C4754C901FFC028A002A1F61 /* GHClient.swift in Sources */,
				3C2ABE3F200611DF009F662F /* NibReusable.swift in Sources */,
				3C2ABE242004B70C009F662F /* GHService.swift in Sources */,
				3C2ABE4320061379009F662F /* UITableView+Reusable.swift in Sources */,
				C4754C921FFC0311002A1F61 /* GHRequest.swift in Sources */,
				3C2ABE62200769E9009F662F /* UILabel+GHIcons.swift in Sources */,
				3C2ABE262004B841009F662F /* License.swift in Sources */,
				C4A4054F1FFBFD3800BC54FC /* AppDelegate.swift in Sources */,
				3C2ABE322004D561009F662F /* RepositoryListTableViewCell.swift in Sources */,
			);
			runOnlyForDeploymentPostprocessing = 0;
		};
		C4A4055B1FFBFD3800BC54FC /* Sources */ = {
			isa = PBXSourcesBuildPhase;
			buildActionMask = 2147483647;
			files = (
				C4754C961FFC0F1F002A1F61 /* GHClientSpec.swift in Sources */,
				3C2ABE6F200775D8009F662F /* UITableView+ReusableSpec.swift in Sources */,
				3C2ABE6B200773E3009F662F /* UIFont+GHIconsSpec.swift in Sources */,
				C4122D012006E003008E096D /* TableViewPresenterDelegateStub.swift in Sources */,
				3C2ABE71200776BD009F662F /* TableViewCellStub.swift in Sources */,
				3C2ABE69200772A9009F662F /* UILabel+GHIconsSpec.swift in Sources */,
				3C2ABE2B2004BB71009F662F /* GHClientStub.swift in Sources */,
				3C2ABE6D2007746D009F662F /* Date+StringSpec.swift in Sources */,
				3C2ABE2220038EB5009F662F /* GHReposityListServiceSpec.swift in Sources */,
				C4122CFF2006DFA2008E096D /* RepositoryListPresenterSpec.swift in Sources */,
				C4754C991FFC1977002A1F61 /* GHRequestSpec.swift in Sources */,
				3C2ABE7620077BA9009F662F /* NibReusableSpec.swift in Sources */,
			);
			runOnlyForDeploymentPostprocessing = 0;
		};
/* End PBXSourcesBuildPhase section */

/* Begin PBXTargetDependency section */
		C4A405611FFBFD3800BC54FC /* PBXTargetDependency */ = {
			isa = PBXTargetDependency;
			target = C4A4054A1FFBFD3800BC54FC /* GithubRepoBrowser */;
			targetProxy = C4A405601FFBFD3800BC54FC /* PBXContainerItemProxy */;
		};
/* End PBXTargetDependency section */

/* Begin PBXVariantGroup section */
		C4A405571FFBFD3800BC54FC /* LaunchScreen.storyboard */ = {
			isa = PBXVariantGroup;
			children = (
				C4A405581FFBFD3800BC54FC /* Base */,
			);
			name = LaunchScreen.storyboard;
			sourceTree = "<group>";
		};
/* End PBXVariantGroup section */

/* Begin XCBuildConfiguration section */
		C4A405661FFBFD3800BC54FC /* Debug */ = {
			isa = XCBuildConfiguration;
			buildSettings = {
				ALWAYS_SEARCH_USER_PATHS = NO;
				CLANG_ANALYZER_NONNULL = YES;
				CLANG_ANALYZER_NUMBER_OBJECT_CONVERSION = YES_AGGRESSIVE;
				CLANG_CXX_LANGUAGE_STANDARD = "gnu++14";
				CLANG_CXX_LIBRARY = "libc++";
				CLANG_ENABLE_MODULES = YES;
				CLANG_ENABLE_OBJC_ARC = YES;
				CLANG_WARN_BLOCK_CAPTURE_AUTORELEASING = YES;
				CLANG_WARN_BOOL_CONVERSION = YES;
				CLANG_WARN_COMMA = YES;
				CLANG_WARN_CONSTANT_CONVERSION = YES;
				CLANG_WARN_DIRECT_OBJC_ISA_USAGE = YES_ERROR;
				CLANG_WARN_DOCUMENTATION_COMMENTS = YES;
				CLANG_WARN_EMPTY_BODY = YES;
				CLANG_WARN_ENUM_CONVERSION = YES;
				CLANG_WARN_INFINITE_RECURSION = YES;
				CLANG_WARN_INT_CONVERSION = YES;
				CLANG_WARN_NON_LITERAL_NULL_CONVERSION = YES;
				CLANG_WARN_OBJC_LITERAL_CONVERSION = YES;
				CLANG_WARN_OBJC_ROOT_CLASS = YES_ERROR;
				CLANG_WARN_RANGE_LOOP_ANALYSIS = YES;
				CLANG_WARN_STRICT_PROTOTYPES = YES;
				CLANG_WARN_SUSPICIOUS_MOVE = YES;
				CLANG_WARN_UNGUARDED_AVAILABILITY = YES_AGGRESSIVE;
				CLANG_WARN_UNREACHABLE_CODE = YES;
				CLANG_WARN__DUPLICATE_METHOD_MATCH = YES;
				CODE_SIGN_IDENTITY = "iPhone Developer";
				COPY_PHASE_STRIP = NO;
				DEBUG_INFORMATION_FORMAT = dwarf;
				ENABLE_STRICT_OBJC_MSGSEND = YES;
				ENABLE_TESTABILITY = YES;
				GCC_C_LANGUAGE_STANDARD = gnu11;
				GCC_DYNAMIC_NO_PIC = NO;
				GCC_NO_COMMON_BLOCKS = YES;
				GCC_OPTIMIZATION_LEVEL = 0;
				GCC_PREPROCESSOR_DEFINITIONS = (
					"DEBUG=1",
					"$(inherited)",
				);
				GCC_WARN_64_TO_32_BIT_CONVERSION = YES;
				GCC_WARN_ABOUT_RETURN_TYPE = YES_ERROR;
				GCC_WARN_UNDECLARED_SELECTOR = YES;
				GCC_WARN_UNINITIALIZED_AUTOS = YES_AGGRESSIVE;
				GCC_WARN_UNUSED_FUNCTION = YES;
				GCC_WARN_UNUSED_VARIABLE = YES;
				IPHONEOS_DEPLOYMENT_TARGET = 11.2;
				MTL_ENABLE_DEBUG_INFO = YES;
				ONLY_ACTIVE_ARCH = YES;
				SDKROOT = iphoneos;
				SWIFT_ACTIVE_COMPILATION_CONDITIONS = DEBUG;
				SWIFT_OPTIMIZATION_LEVEL = "-Onone";
			};
			name = Debug;
		};
		C4A405671FFBFD3800BC54FC /* Release */ = {
			isa = XCBuildConfiguration;
			buildSettings = {
				ALWAYS_SEARCH_USER_PATHS = NO;
				CLANG_ANALYZER_NONNULL = YES;
				CLANG_ANALYZER_NUMBER_OBJECT_CONVERSION = YES_AGGRESSIVE;
				CLANG_CXX_LANGUAGE_STANDARD = "gnu++14";
				CLANG_CXX_LIBRARY = "libc++";
				CLANG_ENABLE_MODULES = YES;
				CLANG_ENABLE_OBJC_ARC = YES;
				CLANG_WARN_BLOCK_CAPTURE_AUTORELEASING = YES;
				CLANG_WARN_BOOL_CONVERSION = YES;
				CLANG_WARN_COMMA = YES;
				CLANG_WARN_CONSTANT_CONVERSION = YES;
				CLANG_WARN_DIRECT_OBJC_ISA_USAGE = YES_ERROR;
				CLANG_WARN_DOCUMENTATION_COMMENTS = YES;
				CLANG_WARN_EMPTY_BODY = YES;
				CLANG_WARN_ENUM_CONVERSION = YES;
				CLANG_WARN_INFINITE_RECURSION = YES;
				CLANG_WARN_INT_CONVERSION = YES;
				CLANG_WARN_NON_LITERAL_NULL_CONVERSION = YES;
				CLANG_WARN_OBJC_LITERAL_CONVERSION = YES;
				CLANG_WARN_OBJC_ROOT_CLASS = YES_ERROR;
				CLANG_WARN_RANGE_LOOP_ANALYSIS = YES;
				CLANG_WARN_STRICT_PROTOTYPES = YES;
				CLANG_WARN_SUSPICIOUS_MOVE = YES;
				CLANG_WARN_UNGUARDED_AVAILABILITY = YES_AGGRESSIVE;
				CLANG_WARN_UNREACHABLE_CODE = YES;
				CLANG_WARN__DUPLICATE_METHOD_MATCH = YES;
				CODE_SIGN_IDENTITY = "iPhone Developer";
				COPY_PHASE_STRIP = NO;
				DEBUG_INFORMATION_FORMAT = "dwarf-with-dsym";
				ENABLE_NS_ASSERTIONS = NO;
				ENABLE_STRICT_OBJC_MSGSEND = YES;
				GCC_C_LANGUAGE_STANDARD = gnu11;
				GCC_NO_COMMON_BLOCKS = YES;
				GCC_WARN_64_TO_32_BIT_CONVERSION = YES;
				GCC_WARN_ABOUT_RETURN_TYPE = YES_ERROR;
				GCC_WARN_UNDECLARED_SELECTOR = YES;
				GCC_WARN_UNINITIALIZED_AUTOS = YES_AGGRESSIVE;
				GCC_WARN_UNUSED_FUNCTION = YES;
				GCC_WARN_UNUSED_VARIABLE = YES;
				IPHONEOS_DEPLOYMENT_TARGET = 11.2;
				MTL_ENABLE_DEBUG_INFO = NO;
				SDKROOT = iphoneos;
				SWIFT_OPTIMIZATION_LEVEL = "-Owholemodule";
				VALIDATE_PRODUCT = YES;
			};
			name = Release;
		};
		C4A405691FFBFD3800BC54FC /* Debug */ = {
			isa = XCBuildConfiguration;
			baseConfigurationReference = 5B030825F062B09874930B5F /* Pods-GithubRepoBrowser.debug.xcconfig */;
			buildSettings = {
				ALWAYS_EMBED_SWIFT_STANDARD_LIBRARIES = "$(inherited)";
				ASSETCATALOG_COMPILER_APPICON_NAME = AppIcon;
				CODE_SIGN_STYLE = Automatic;
				DEVELOPMENT_TEAM = KY9XTC3U67;
				INFOPLIST_FILE = GithubRepoBrowser/Info.plist;
				LD_RUNPATH_SEARCH_PATHS = "$(inherited) @executable_path/Frameworks";
				PRODUCT_BUNDLE_IDENTIFIER = br.kawai.GithubRepoBrowser;
				PRODUCT_NAME = "$(TARGET_NAME)";
				SWIFT_VERSION = 4.0;
				TARGETED_DEVICE_FAMILY = "1,2";
			};
			name = Debug;
		};
		C4A4056A1FFBFD3800BC54FC /* Release */ = {
			isa = XCBuildConfiguration;
			baseConfigurationReference = CE226D502431C1D075C3F4B7 /* Pods-GithubRepoBrowser.release.xcconfig */;
			buildSettings = {
				ALWAYS_EMBED_SWIFT_STANDARD_LIBRARIES = "$(inherited)";
				ASSETCATALOG_COMPILER_APPICON_NAME = AppIcon;
				CODE_SIGN_STYLE = Automatic;
				DEVELOPMENT_TEAM = KY9XTC3U67;
				INFOPLIST_FILE = GithubRepoBrowser/Info.plist;
				LD_RUNPATH_SEARCH_PATHS = "$(inherited) @executable_path/Frameworks";
				PRODUCT_BUNDLE_IDENTIFIER = br.kawai.GithubRepoBrowser;
				PRODUCT_NAME = "$(TARGET_NAME)";
				SWIFT_VERSION = 4.0;
				TARGETED_DEVICE_FAMILY = "1,2";
			};
			name = Release;
		};
		C4A4056C1FFBFD3800BC54FC /* Debug */ = {
			isa = XCBuildConfiguration;
			baseConfigurationReference = 6E0476368450C4A631D7B57F /* Pods-GithubRepoBrowserTests.debug.xcconfig */;
			buildSettings = {
				ALWAYS_EMBED_SWIFT_STANDARD_LIBRARIES = "$(inherited)";
				BUNDLE_LOADER = "$(TEST_HOST)";
				CODE_SIGN_STYLE = Automatic;
				DEVELOPMENT_TEAM = KY9XTC3U67;
				INFOPLIST_FILE = GithubRepoBrowserTests/Info.plist;
				LD_RUNPATH_SEARCH_PATHS = "$(inherited) @executable_path/Frameworks @loader_path/Frameworks";
				PRODUCT_BUNDLE_IDENTIFIER = br.kawai.GithubRepoBrowserTests;
				PRODUCT_NAME = "$(TARGET_NAME)";
				SWIFT_VERSION = 4.0;
				TARGETED_DEVICE_FAMILY = "1,2";
				TEST_HOST = "$(BUILT_PRODUCTS_DIR)/GithubRepoBrowser.app/GithubRepoBrowser";
			};
			name = Debug;
		};
		C4A4056D1FFBFD3800BC54FC /* Release */ = {
			isa = XCBuildConfiguration;
			baseConfigurationReference = B2DACD4291C1E1C1E1ADA491 /* Pods-GithubRepoBrowserTests.release.xcconfig */;
			buildSettings = {
				ALWAYS_EMBED_SWIFT_STANDARD_LIBRARIES = "$(inherited)";
				BUNDLE_LOADER = "$(TEST_HOST)";
				CODE_SIGN_STYLE = Automatic;
				DEVELOPMENT_TEAM = KY9XTC3U67;
				INFOPLIST_FILE = GithubRepoBrowserTests/Info.plist;
				LD_RUNPATH_SEARCH_PATHS = "$(inherited) @executable_path/Frameworks @loader_path/Frameworks";
				PRODUCT_BUNDLE_IDENTIFIER = br.kawai.GithubRepoBrowserTests;
				PRODUCT_NAME = "$(TARGET_NAME)";
				SWIFT_VERSION = 4.0;
				TARGETED_DEVICE_FAMILY = "1,2";
				TEST_HOST = "$(BUILT_PRODUCTS_DIR)/GithubRepoBrowser.app/GithubRepoBrowser";
			};
			name = Release;
		};
/* End XCBuildConfiguration section */

/* Begin XCConfigurationList section */
		C4A405461FFBFD3800BC54FC /* Build configuration list for PBXProject "GithubRepoBrowser" */ = {
			isa = XCConfigurationList;
			buildConfigurations = (
				C4A405661FFBFD3800BC54FC /* Debug */,
				C4A405671FFBFD3800BC54FC /* Release */,
			);
			defaultConfigurationIsVisible = 0;
			defaultConfigurationName = Release;
		};
		C4A405681FFBFD3800BC54FC /* Build configuration list for PBXNativeTarget "GithubRepoBrowser" */ = {
			isa = XCConfigurationList;
			buildConfigurations = (
				C4A405691FFBFD3800BC54FC /* Debug */,
				C4A4056A1FFBFD3800BC54FC /* Release */,
			);
			defaultConfigurationIsVisible = 0;
			defaultConfigurationName = Release;
		};
		C4A4056B1FFBFD3800BC54FC /* Build configuration list for PBXNativeTarget "GithubRepoBrowserTests" */ = {
			isa = XCConfigurationList;
			buildConfigurations = (
				C4A4056C1FFBFD3800BC54FC /* Debug */,
				C4A4056D1FFBFD3800BC54FC /* Release */,
			);
			defaultConfigurationIsVisible = 0;
			defaultConfigurationName = Release;
		};
/* End XCConfigurationList section */
	};
	rootObject = C4A405431FFBFD3800BC54FC /* Project object */;
}
